
Microsoft Visual Studio Solution File, Format Version 12.00
# Visual Studio Version 17
VisualStudioVersion = 17.14.36930.0
MinimumVisualStudioVersion = 10.0.40219.1
Project("{FAE04EC0-301F-11D3-BF4B-00C04F79EFBC}") = "CRMS.API", "CRMS.API.csproj", "{C3246812-BACE-44DC-B280-94150ACD64A0}"
EndProject
Project("{FAE04EC0-301F-11D3-BF4B-00C04F79EFBC}") = "CRMS.CustomerApp", "..\CRMS.CustomerApp\CRMS.CustomerApp.csproj", "{62122FC3-92A1-4AC0-A417-020B798CB370}"
EndProject
Project("{FAE04EC0-301F-11D3-BF4B-00C04F79EFBC}") = "CRMS.EnterpriseApp", "..\CRMS.EnterpriseApp\CRMS.EnterpriseApp.csproj", "{428F943C-FFA3-4951-A06B-C5D2A284BAF1}"
EndProject
Global
	GlobalSection(SolutionConfigurationPlatforms) = preSolution
		Debug|Any CPU = Debug|Any CPU
		Release|Any CPU = Release|Any CPU
	EndGlobalSection
	GlobalSection(ProjectConfigurationPlatforms) = postSolution
		{C3246812-BACE-44DC-B280-94150ACD64A0}.Debug|Any CPU.ActiveCfg = Debug|Any CPU
		{C3246812-BACE-44DC-B280-94150ACD64A0}.Debug|Any CPU.Build.0 = Debug|Any CPU
		{C3246812-BACE-44DC-B280-94150ACD64A0}.Release|Any CPU.ActiveCfg = Release|Any CPU
		{C3246812-BACE-44DC-B280-94150ACD64A0}.Release|Any CPU.Build.0 = Release|Any CPU
		{62122FC3-92A1-4AC0-A417-020B798CB370}.Debug|Any CPU.ActiveCfg = Debug|Any CPU
		{62122FC3-92A1-4AC0-A417-020B798CB370}.Debug|Any CPU.Build.0 = Debug|Any CPU
		{62122FC3-92A1-4AC0-A417-020B798CB370}.Release|Any CPU.ActiveCfg = Release|Any CPU
		{62122FC3-92A1-4AC0-A417-020B798CB370}.Release|Any CPU.Build.0 = Release|Any CPU
		{428F943C-FFA3-4951-A06B-C5D2A284BAF1}.Debug|Any CPU.ActiveCfg = Debug|Any CPU
		{428F943C-FFA3-4951-A06B-C5D2A284BAF1}.Debug|Any CPU.Build.0 = Debug|Any CPU
		{428F943C-FFA3-4951-A06B-C5D2A284BAF1}.Release|Any CPU.ActiveCfg = Release|Any CPU
		{428F943C-FFA3-4951-A06B-C5D2A284BAF1}.Release|Any CPU.Build.0 = Release|Any CPU
	EndGlobalSection
	GlobalSection(SolutionProperties) = preSolution
		HideSolutionNode = FALSE
	EndGlobalSection
	GlobalSection(ExtensibilityGlobals) = postSolution
		SolutionGuid = {1B2C7559-0A86-48AA-A5EF-3DA98A1B2D63}
	EndGlobalSection
EndGlobal
